
Microsoft Visual Studio Solution File, Format Version 12.00
# Visual Studio Version 17
VisualStudioVersion = 17.9.34714.143
MinimumVisualStudioVersion = 10.0.40219.1
Project("{FAE04EC0-301F-11D3-BF4B-00C04F79EFBC}") = "LIMS", "LIMS\LIMS.csproj", "{426E26BC-0F65-43E9-AF4A-F0C29E759F19}"
EndProject
Project("{FAE04EC0-301F-11D3-BF4B-00C04F79EFBC}") = "DataAccess", "DataAccess\DataAccess.csproj", "{391547C1-C255-4CAA-A076-3A534F40A074}"
EndProject
Project("{FAE04EC0-301F-11D3-BF4B-00C04F79EFBC}") = "Contracts", "Contracts\Contracts.csproj", "{6BA52210-D4C0-4763-9A94-6FBEC07E6452}"
EndProject
Global
	GlobalSection(SolutionConfigurationPlatforms) = preSolution
		Debug|Any CPU = Debug|Any CPU
		Release|Any CPU = Release|Any CPU
	EndGlobalSection
	GlobalSection(ProjectConfigurationPlatforms) = postSolution
		{426E26BC-0F65-43E9-AF4A-F0C29E759F19}.Debug|Any CPU.ActiveCfg = Debug|Any CPU
		{426E26BC-0F65-43E9-AF4A-F0C29E759F19}.Debug|Any CPU.Build.0 = Debug|Any CPU
		{426E26BC-0F65-43E9-AF4A-F0C29E759F19}.Release|Any CPU.ActiveCfg = Release|Any CPU
		{426E26BC-0F65-43E9-AF4A-F0C29E759F19}.Release|Any CPU.Build.0 = Release|Any CPU
		{391547C1-C255-4CAA-A076-3A534F40A074}.Debug|Any CPU.ActiveCfg = Debug|Any CPU
		{391547C1-C255-4CAA-A076-3A534F40A074}.Debug|Any CPU.Build.0 = Debug|Any CPU
		{391547C1-C255-4CAA-A076-3A534F40A074}.Release|Any CPU.ActiveCfg = Release|Any CPU
		{391547C1-C255-4CAA-A076-3A534F40A074}.Release|Any CPU.Build.0 = Release|Any CPU
		{6BA52210-D4C0-4763-9A94-6FBEC07E6452}.Debug|Any CPU.ActiveCfg = Debug|Any CPU
		{6BA52210-D4C0-4763-9A94-6FBEC07E6452}.Debug|Any CPU.Build.0 = Debug|Any CPU
		{6BA52210-D4C0-4763-9A94-6FBEC07E6452}.Release|Any CPU.ActiveCfg = Release|Any CPU
		{6BA52210-D4C0-4763-9A94-6FBEC07E6452}.Release|Any CPU.Build.0 = Release|Any CPU
	EndGlobalSection
	GlobalSection(SolutionProperties) = preSolution
		HideSolutionNode = FALSE
	EndGlobalSection
	GlobalSection(ExtensibilityGlobals) = postSolution
		SolutionGuid = {FD7DA9D3-C44B-4376-8F73-D387381A49A6}
	EndGlobalSection
EndGlobal
